
Microsoft Visual Studio Solution File, Format Version 12.00
# Visual Studio Version 17
VisualStudioVersion = 17.14.36414.22
MinimumVisualStudioVersion = 10.0.40219.1
Project("{FAE04EC0-301F-11D3-BF4B-00C04F79EFBC}") = "WinFormsApp", "WinFormsApp\WinFormsApp.csproj", "{1B34DB5C-17C3-4E22-BF4E-9AF9711966FB}"
EndProject
Project("{FAE04EC0-301F-11D3-BF4B-00C04F79EFBC}") = "ClassLibrary", "ClassLibrary\ClassLibrary.csproj", "{802D9335-3788-485E-AC4C-3A409BE3DF83}"
EndProject
Project("{FAE04EC0-301F-11D3-BF4B-00C04F79EFBC}") = "WpfApp", "WpfApp\WpfApp.csproj", "{FFD59E2D-4BC0-4D12-A31E-259643C9C2AD}"
EndProject
Global
	GlobalSection(SolutionConfigurationPlatforms) = preSolution
		Debug|Any CPU = Debug|Any CPU
		Release|Any CPU = Release|Any CPU
	EndGlobalSection
	GlobalSection(ProjectConfigurationPlatforms) = postSolution
		{1B34DB5C-17C3-4E22-BF4E-9AF9711966FB}.Debug|Any CPU.ActiveCfg = Debug|Any CPU
		{1B34DB5C-17C3-4E22-BF4E-9AF9711966FB}.Debug|Any CPU.Build.0 = Debug|Any CPU
		{1B34DB5C-17C3-4E22-BF4E-9AF9711966FB}.Release|Any CPU.ActiveCfg = Release|Any CPU
		{1B34DB5C-17C3-4E22-BF4E-9AF9711966FB}.Release|Any CPU.Build.0 = Release|Any CPU
		{802D9335-3788-485E-AC4C-3A409BE3DF83}.Debug|Any CPU.ActiveCfg = Debug|Any CPU
		{802D9335-3788-485E-AC4C-3A409BE3DF83}.Debug|Any CPU.Build.0 = Debug|Any CPU
		{802D9335-3788-485E-AC4C-3A409BE3DF83}.Release|Any CPU.ActiveCfg = Release|Any CPU
		{802D9335-3788-485E-AC4C-3A409BE3DF83}.Release|Any CPU.Build.0 = Release|Any CPU
		{FFD59E2D-4BC0-4D12-A31E-259643C9C2AD}.Debug|Any CPU.ActiveCfg = Debug|Any CPU
		{FFD59E2D-4BC0-4D12-A31E-259643C9C2AD}.Debug|Any CPU.Build.0 = Debug|Any CPU
		{FFD59E2D-4BC0-4D12-A31E-259643C9C2AD}.Release|Any CPU.ActiveCfg = Release|Any CPU
		{FFD59E2D-4BC0-4D12-A31E-259643C9C2AD}.Release|Any CPU.Build.0 = Release|Any CPU
	EndGlobalSection
	GlobalSection(SolutionProperties) = preSolution
		HideSolutionNode = FALSE
	EndGlobalSection
	GlobalSection(ExtensibilityGlobals) = postSolution
		SolutionGuid = {56AEE948-DAB5-4D72-9202-D74D5EFCE92C}
	EndGlobalSection
EndGlobal
